
Microsoft Visual Studio Solution File, Format Version 12.00
Project("{FAE04EC0-301F-11D3-BF4B-00C04F79EFBC}") = "StartUp", "StartUp\StartUp.csproj", "{C96B56BC-68C1-435E-BBDF-B529B9E48963}"
EndProject
Global
	GlobalSection(SolutionConfigurationPlatforms) = preSolution
		Debug|Any CPU = Debug|Any CPU
		Release|Any CPU = Release|Any CPU
	EndGlobalSection
	GlobalSection(ProjectConfigurationPlatforms) = postSolution
		{C96B56BC-68C1-435E-BBDF-B529B9E48963}.Debug|Any CPU.ActiveCfg = Debug|Any CPU
		{C96B56BC-68C1-435E-BBDF-B529B9E48963}.Debug|Any CPU.Build.0 = Debug|Any CPU
		{C96B56BC-68C1-435E-BBDF-B529B9E48963}.Release|Any CPU.ActiveCfg = Release|Any CPU
		{C96B56BC-68C1-435E-BBDF-B529B9E48963}.Release|Any CPU.Build.0 = Release|Any CPU
	EndGlobalSection
EndGlobal
